
Microsoft Visual Studio Solution File, Format Version 12.00
# Visual Studio Version 17
VisualStudioVersion = 17.4.33122.133
MinimumVisualStudioVersion = 10.0.40219.1
Project("{FAE04EC0-301F-11D3-BF4B-00C04F79EFBC}") = "GiftingApi", "GiftingApi\GiftingApi.csproj", "{0D5137E5-37AB-477D-A6F4-53F03F583CB9}"
EndProject
Global
	GlobalSection(SolutionConfigurationPlatforms) = preSolution
		Debug|Any CPU = Debug|Any CPU
		Release|Any CPU = Release|Any CPU
	EndGlobalSection
	GlobalSection(ProjectConfigurationPlatforms) = postSolution
		{0D5137E5-37AB-477D-A6F4-53F03F583CB9}.Debug|Any CPU.ActiveCfg = Debug|Any CPU
		{0D5137E5-37AB-477D-A6F4-53F03F583CB9}.Debug|Any CPU.Build.0 = Debug|Any CPU
		{0D5137E5-37AB-477D-A6F4-53F03F583CB9}.Release|Any CPU.ActiveCfg = Release|Any CPU
		{0D5137E5-37AB-477D-A6F4-53F03F583CB9}.Release|Any CPU.Build.0 = Release|Any CPU
	EndGlobalSection
	GlobalSection(SolutionProperties) = preSolution
		HideSolutionNode = FALSE
	EndGlobalSection
	GlobalSection(ExtensibilityGlobals) = postSolution
		SolutionGuid = {2A04452F-57E6-4396-96E3-3E6654B63D50}
	EndGlobalSection
EndGlobal
